Microsoft Visual Studio Solution File, Format Version 12.00
# Visual Studio Version 17
VisualStudioVersion = 17.5.2.0
MinimumVisualStudioVersion = 10.0.40219.1
Project("{FAE04EC0-301F-11D3-BF4B-00C04F79EFBC}") = "Decypher.Web", "Decypher.Web\Decypher.Web.csproj", "{78827E8A-0D84-C494-FF98-90AA3D57DD19}"
EndProject
Global
	GlobalSection(SolutionConfigurationPlatforms) = preSolution
		Debug|Any CPU = Debug|Any CPU
		Release|Any CPU = Release|Any CPU
	EndGlobalSection
	GlobalSection(ProjectConfigurationPlatforms) = postSolution
		{78827E8A-0D84-C494-FF98-90AA3D57DD19}.Debug|Any CPU.ActiveCfg = Debug|Any CPU
		{78827E8A-0D84-C494-FF98-90AA3D57DD19}.Debug|Any CPU.Build.0 = Debug|Any CPU
		{78827E8A-0D84-C494-FF98-90AA3D57DD19}.Release|Any CPU.ActiveCfg = Release|Any CPU
		{78827E8A-0D84-C494-FF98-90AA3D57DD19}.Release|Any CPU.Build.0 = Release|Any CPU
	EndGlobalSection
	GlobalSection(SolutionProperties) = preSolution
		HideSolutionNode = FALSE
	EndGlobalSection
	GlobalSection(ExtensibilityGlobals) = postSolution
		SolutionGuid = {086086C6-41FF-478D-A1AE-8213FDD4229E}
	EndGlobalSection
EndGlobal
